
Microsoft Visual Studio Solution File, Format Version 12.00
# Visual Studio Version 16
VisualStudioVersion = 16.0.31205.134
MinimumVisualStudioVersion = 10.0.40219.1
Project("{FAE04EC0-301F-11D3-BF4B-00C04F79EFBC}") = "Files_DirectoryInfo", "Files_DirectoryInfo.csproj", "{68A5F207-8988-40C8-A849-6268B7331CB2}"
EndProject
Global
	GlobalSection(SolutionConfigurationPlatforms) = preSolution
		Debug|Any CPU = Debug|Any CPU
		Release|Any CPU = Release|Any CPU
	EndGlobalSection
	GlobalSection(ProjectConfigurationPlatforms) = postSolution
		{68A5F207-8988-40C8-A849-6268B7331CB2}.Debug|Any CPU.ActiveCfg = Debug|Any CPU
		{68A5F207-8988-40C8-A849-6268B7331CB2}.Debug|Any CPU.Build.0 = Debug|Any CPU
		{68A5F207-8988-40C8-A849-6268B7331CB2}.Release|Any CPU.ActiveCfg = Release|Any CPU
		{68A5F207-8988-40C8-A849-6268B7331CB2}.Release|Any CPU.Build.0 = Release|Any CPU
	EndGlobalSection
	GlobalSection(SolutionProperties) = preSolution
		HideSolutionNode = FALSE
	EndGlobalSection
	GlobalSection(ExtensibilityGlobals) = postSolution
		SolutionGuid = {E483F0FF-A29D-411F-9C54-85CA30009112}
	EndGlobalSection
EndGlobal
